
Microsoft Visual Studio Solution File, Format Version 12.00
# Visual Studio 2013
VisualStudioVersion = 12.0.30324.0
MinimumVisualStudioVersion = 10.0.40219.1
Project("{FAE04EC0-301F-11D3-BF4B-00C04F79EFBC}") = "Server", "Server\Server.csproj", "{18C0CA4B-1172-4DE1-97B6-D114829A6D84}"
EndProject
Project("{FAE04EC0-301F-11D3-BF4B-00C04F79EFBC}") = "Server.Tests", "Server.Tests\Server.Tests.csproj", "{A53EC683-1503-4C05-9D1F-54026AA382D1}"
EndProject
Project("{FAE04EC0-301F-11D3-BF4B-00C04F79EFBC}") = "Client", "Client\Client.csproj", "{977A4E03-4B72-4DE1-9B9C-88C3DF9586B4}"
EndProject
Global
	GlobalSection(SolutionConfigurationPlatforms) = preSolution
		Debug|Any CPU = Debug|Any CPU
		Release|Any CPU = Release|Any CPU
	EndGlobalSection
	GlobalSection(ProjectConfigurationPlatforms) = postSolution
		{18C0CA4B-1172-4DE1-97B6-D114829A6D84}.Debug|Any CPU.ActiveCfg = Debug|Any CPU
		{18C0CA4B-1172-4DE1-97B6-D114829A6D84}.Debug|Any CPU.Build.0 = Debug|Any CPU
		{18C0CA4B-1172-4DE1-97B6-D114829A6D84}.Release|Any CPU.ActiveCfg = Release|Any CPU
		{18C0CA4B-1172-4DE1-97B6-D114829A6D84}.Release|Any CPU.Build.0 = Release|Any CPU
		{A53EC683-1503-4C05-9D1F-54026AA382D1}.Debug|Any CPU.ActiveCfg = Debug|Any CPU
		{A53EC683-1503-4C05-9D1F-54026AA382D1}.Debug|Any CPU.Build.0 = Debug|Any CPU
		{A53EC683-1503-4C05-9D1F-54026AA382D1}.Release|Any CPU.ActiveCfg = Release|Any CPU
		{A53EC683-1503-4C05-9D1F-54026AA382D1}.Release|Any CPU.Build.0 = Release|Any CPU
		{977A4E03-4B72-4DE1-9B9C-88C3DF9586B4}.Debug|Any CPU.ActiveCfg = Debug|Any CPU
		{977A4E03-4B72-4DE1-9B9C-88C3DF9586B4}.Debug|Any CPU.Build.0 = Debug|Any CPU
		{977A4E03-4B72-4DE1-9B9C-88C3DF9586B4}.Release|Any CPU.ActiveCfg = Release|Any CPU
		{977A4E03-4B72-4DE1-9B9C-88C3DF9586B4}.Release|Any CPU.Build.0 = Release|Any CPU
	EndGlobalSection
	GlobalSection(SolutionProperties) = preSolution
		HideSolutionNode = FALSE
	EndGlobalSection
EndGlobal
